github.com/yoheimuta/go-protoparser/v4 v4.7.0 h1:80LGfVM25sCoNDD08hv9O0ShQMjoTrIE76j5ON+gq3U=
github.com/yoheimuta/go-protoparser/v4 v4.7.0/go.mod h1:AHNNnSWnb0UoL4QgHPiOAg2BniQceFscPI5X/BZNHl8=
github.com/yoheimuta/protolint v0.42.2 h1:33YdAicLnLc7G4QNVyLkTsRxmqZJbu4/dhgWlZvVU9M=
github.com/yoheimuta/protolint v0.42.2/go.mod h1:ITsA7YWFaZqTSAzx4jmt3SQ+BlAOqbFVUhtwWeAK1U0=
